
Microsoft Visual Studio Solution File, Format Version 12.00
# Visual Studio 15
VisualStudioVersion = 15.0.27428.2037
MinimumVisualStudioVersion = 10.0.40219.1
Project("{FAE04EC0-301F-11D3-BF4B-00C04F79EFBC}") = "CustomGPS3.Android", "CustomGPS3\CustomGPS3.Android\CustomGPS3.Android.csproj", "{4EB84EB2-152E-4E4F-961E-007E4B4FB41D}"
EndProject
Project("{FAE04EC0-301F-11D3-BF4B-00C04F79EFBC}") = "CustomGPS3.iOS", "CustomGPS3\CustomGPS3.iOS\CustomGPS3.iOS.csproj", "{C0A03411-1159-4233-9DEE-9F277AABDF23}"
EndProject
Project("{FAE04EC0-301F-11D3-BF4B-00C04F79EFBC}") = "CustomGPS3", "CustomGPS3\CustomGPS3\CustomGPS3.csproj", "{685C4304-761E-4D89-A669-DE11DB95F662}"
EndProject
Global
	GlobalSection(SolutionConfigurationPlatforms) = preSolution
		Ad-Hoc|Any CPU = Ad-Hoc|Any CPU
		Ad-Hoc|iPhone = Ad-Hoc|iPhone
		Ad-Hoc|iPhoneSimulator = Ad-Hoc|iPhoneSimulator
		AppStore|Any CPU = AppStore|Any CPU
		AppStore|iPhone = AppStore|iPhone
		AppStore|iPhoneSimulator = AppStore|iPhoneSimulator
		Debug|Any CPU = Debug|Any CPU
		Debug|iPhone = Debug|iPhone
		Debug|iPhoneSimulator = Debug|iPhoneSimulator
		Release|Any CPU = Release|Any CPU
		Release|iPhone = Release|iPhone
		Release|iPhoneSimulator = Release|iPhoneSimulator
	EndGlobalSection
	GlobalSection(ProjectConfigurationPlatforms) = postSolution
		{4EB84EB2-152E-4E4F-961E-007E4B4FB41D}.Ad-Hoc|Any CPU.ActiveCfg = Release|Any CPU
		{4EB84EB2-152E-4E4F-961E-007E4B4FB41D}.Ad-Hoc|Any CPU.Build.0 = Release|Any CPU
		{4EB84EB2-152E-4E4F-961E-007E4B4FB41D}.Ad-Hoc|Any CPU.Deploy.0 = Release|Any CPU
		{4EB84EB2-152E-4E4F-961E-007E4B4FB41D}.Ad-Hoc|iPhone.ActiveCfg = Release|Any CPU
		{4EB84EB2-152E-4E4F-961E-007E4B4FB41D}.Ad-Hoc|iPhone.Build.0 = Release|Any CPU
		{4EB84EB2-152E-4E4F-961E-007E4B4FB41D}.Ad-Hoc|iPhone.Deploy.0 = Release|Any CPU
		{4EB84EB2-152E-4E4F-961E-007E4B4FB41D}.Ad-Hoc|iPhoneSimulator.ActiveCfg = Release|Any CPU
		{4EB84EB2-152E-4E4F-961E-007E4B4FB41D}.Ad-Hoc|iPhoneSimulator.Build.0 = Release|Any CPU
		{4EB84EB2-152E-4E4F-961E-007E4B4FB41D}.Ad-Hoc|iPhoneSimulator.Deploy.0 = Release|Any CPU
		{4EB84EB2-152E-4E4F-961E-007E4B4FB41D}.AppStore|Any CPU.ActiveCfg = Release|Any CPU
		{4EB84EB2-152E-4E4F-961E-007E4B4FB41D}.AppStore|Any CPU.Build.0 = Release|Any CPU
		{4EB84EB2-152E-4E4F-961E-007E4B4FB41D}.AppStore|Any CPU.Deploy.0 = Release|Any CPU
		{4EB84EB2-152E-4E4F-961E-007E4B4FB41D}.AppStore|iPhone.ActiveCfg = Release|Any CPU
		{4EB84EB2-152E-4E4F-961E-007E4B4FB41D}.AppStore|iPhone.Build.0 = Release|Any CPU
		{4EB84EB2-152E-4E4F-961E-007E4B4FB41D}.AppStore|iPhone.Deploy.0 = Release|Any CPU
		{4EB84EB2-152E-4E4F-961E-007E4B4FB41D}.AppStore|iPhoneSimulator.ActiveCfg = Release|Any CPU
		{4EB84EB2-152E-4E4F-961E-007E4B4FB41D}.AppStore|iPhoneSimulator.Build.0 = Release|Any CPU
		{4EB84EB2-152E-4E4F-961E-007E4B4FB41D}.AppStore|iPhoneSimulator.Deploy.0 = Release|Any CPU
		{4EB84EB2-152E-4E4F-961E-007E4B4FB41D}.Debug|Any CPU.ActiveCfg = Debug|Any CPU
		{4EB84EB2-152E-4E4F-961E-007E4B4FB41D}.Debug|Any CPU.Build.0 = Debug|Any CPU
		{4EB84EB2-152E-4E4F-961E-007E4B4FB41D}.Debug|Any CPU.Deploy.0 = Debug|Any CPU
		{4EB84EB2-152E-4E4F-961E-007E4B4FB41D}.Debug|iPhone.ActiveCfg = Debug|Any CPU
		{4EB84EB2-152E-4E4F-961E-007E4B4FB41D}.Debug|iPhone.Build.0 = Debug|Any CPU
		{4EB84EB2-152E-4E4F-961E-007E4B4FB41D}.Debug|iPhone.Deploy.0 = Debug|Any CPU
		{4EB84EB2-152E-4E4F-961E-007E4B4FB41D}.Debug|iPhoneSimulator.ActiveCfg = Debug|Any CPU
		{4EB84EB2-152E-4E4F-961E-007E4B4FB41D}.Debug|iPhoneSimulator.Build.0 = Debug|Any CPU
		{4EB84EB2-152E-4E4F-961E-007E4B4FB41D}.Debug|iPhoneSimulator.Deploy.0 = Debug|Any CPU
		{4EB84EB2-152E-4E4F-961E-007E4B4FB41D}.Release|Any CPU.ActiveCfg = Release|Any CPU
		{4EB84EB2-152E-4E4F-961E-007E4B4FB41D}.Release|Any CPU.Build.0 = Release|Any CPU
		{4EB84EB2-152E-4E4F-961E-007E4B4FB41D}.Release|Any CPU.Deploy.0 = Release|Any CPU
		{4EB84EB2-152E-4E4F-961E-007E4B4FB41D}.Release|iPhone.ActiveCfg = Release|Any CPU
		{4EB84EB2-152E-4E4F-961E-007E4B4FB41D}.Release|iPhone.Build.0 = Release|Any CPU
		{4EB84EB2-152E-4E4F-961E-007E4B4FB41D}.Release|iPhone.Deploy.0 = Release|Any CPU
		{4EB84EB2-152E-4E4F-961E-007E4B4FB41D}.Release|iPhoneSimulator.ActiveCfg = Release|Any CPU
		{4EB84EB2-152E-4E4F-961E-007E4B4FB41D}.Release|iPhoneSimulator.Build.0 = Release|Any CPU
		{4EB84EB2-152E-4E4F-961E-007E4B4FB41D}.Release|iPhoneSimulator.Deploy.0 = Release|Any CPU
		{C0A03411-1159-4233-9DEE-9F277AABDF23}.Ad-Hoc|Any CPU.ActiveCfg = Ad-Hoc|iPhone
		{C0A03411-1159-4233-9DEE-9F277AABDF23}.Ad-Hoc|iPhone.ActiveCfg = Ad-Hoc|iPhone
		{C0A03411-1159-4233-9DEE-9F277AABDF23}.Ad-Hoc|iPhone.Build.0 = Ad-Hoc|iPhone
		{C0A03411-1159-4233-9DEE-9F277AABDF23}.Ad-Hoc|iPhoneSimulator.ActiveCfg = Ad-Hoc|iPhoneSimulator
		{C0A03411-1159-4233-9DEE-9F277AABDF23}.Ad-Hoc|iPhoneSimulator.Build.0 = Ad-Hoc|iPhoneSimulator
		{C0A03411-1159-4233-9DEE-9F277AABDF23}.AppStore|Any CPU.ActiveCfg = AppStore|iPhone
		{C0A03411-1159-4233-9DEE-9F277AABDF23}.AppStore|iPhone.ActiveCfg = AppStore|iPhone
		{C0A03411-1159-4233-9DEE-9F277AABDF23}.AppStore|iPhone.Build.0 = AppStore|iPhone
		{C0A03411-1159-4233-9DEE-9F277AABDF23}.AppStore|iPhoneSimulator.ActiveCfg = AppStore|iPhoneSimulator
		{C0A03411-1159-4233-9DEE-9F277AABDF23}.AppStore|iPhoneSimulator.Build.0 = AppStore|iPhoneSimulator
		{C0A03411-1159-4233-9DEE-9F277AABDF23}.Debug|Any CPU.ActiveCfg = Debug|iPhone
		{C0A03411-1159-4233-9DEE-9F277AABDF23}.Debug|iPhone.ActiveCfg = Debug|iPhone
		{C0A03411-1159-4233-9DEE-9F277AABDF23}.Debug|iPhone.Build.0 = Debug|iPhone
		{C0A03411-1159-4233-9DEE-9F277AABDF23}.Debug|iPhoneSimulator.ActiveCfg = Debug|iPhoneSimulator
		{C0A03411-1159-4233-9DEE-9F277AABDF23}.Debug|iPhoneSimulator.Build.0 = Debug|iPhoneSimulator
		{C0A03411-1159-4233-9DEE-9F277AABDF23}.Release|Any CPU.ActiveCfg = Release|iPhone
		{C0A03411-1159-4233-9DEE-9F277AABDF23}.Release|iPhone.ActiveCfg = Release|iPhone
		{C0A03411-1159-4233-9DEE-9F277AABDF23}.Release|iPhone.Build.0 = Release|iPhone
		{C0A03411-1159-4233-9DEE-9F277AABDF23}.Release|iPhoneSimulator.ActiveCfg = Release|iPhoneSimulator
		{C0A03411-1159-4233-9DEE-9F277AABDF23}.Release|iPhoneSimulator.Build.0 = Release|iPhoneSimulator
		{C0A03411-1159-4233-9DEE-9F277AABDF23}.Debug|Any CPU.Build.0 = Debug|iPhone
		{685C4304-761E-4D89-A669-DE11DB95F662}.Ad-Hoc|Any CPU.ActiveCfg = Debug|Any CPU
		{685C4304-761E-4D89-A669-DE11DB95F662}.Ad-Hoc|Any CPU.Build.0 = Debug|Any CPU
		{685C4304-761E-4D89-A669-DE11DB95F662}.Ad-Hoc|iPhone.ActiveCfg = Debug|Any CPU
		{685C4304-761E-4D89-A669-DE11DB95F662}.Ad-Hoc|iPhone.Build.0 = Debug|Any CPU
		{685C4304-761E-4D89-A669-DE11DB95F662}.Ad-Hoc|iPhoneSimulator.ActiveCfg = Debug|Any CPU
		{685C4304-761E-4D89-A669-DE11DB95F662}.Ad-Hoc|iPhoneSimulator.Build.0 = Debug|Any CPU
		{685C4304-761E-4D89-A669-DE11DB95F662}.AppStore|Any CPU.ActiveCfg = Debug|Any CPU
		{685C4304-761E-4D89-A669-DE11DB95F662}.AppStore|Any CPU.Build.0 = Debug|Any CPU
		{685C4304-761E-4D89-A669-DE11DB95F662}.AppStore|iPhone.ActiveCfg = Debug|Any CPU
		{685C4304-761E-4D89-A669-DE11DB95F662}.AppStore|iPhone.Build.0 = Debug|Any CPU
		{685C4304-761E-4D89-A669-DE11DB95F662}.AppStore|iPhoneSimulator.ActiveCfg = Debug|Any CPU
		{685C4304-761E-4D89-A669-DE11DB95F662}.AppStore|iPhoneSimulator.Build.0 = Debug|Any CPU
		{685C4304-761E-4D89-A669-DE11DB95F662}.Debug|Any CPU.ActiveCfg = Debug|Any CPU
		{685C4304-761E-4D89-A669-DE11DB95F662}.Debug|Any CPU.Build.0 = Debug|Any CPU
		{685C4304-761E-4D89-A669-DE11DB95F662}.Debug|iPhone.ActiveCfg = Debug|Any CPU
		{685C4304-761E-4D89-A669-DE11DB95F662}.Debug|iPhone.Build.0 = Debug|Any CPU
		{685C4304-761E-4D89-A669-DE11DB95F662}.Debug|iPhoneSimulator.ActiveCfg = Debug|Any CPU
		{685C4304-761E-4D89-A669-DE11DB95F662}.Debug|iPhoneSimulator.Build.0 = Debug|Any CPU
		{685C4304-761E-4D89-A669-DE11DB95F662}.Release|Any CPU.ActiveCfg = Release|Any CPU
		{685C4304-761E-4D89-A669-DE11DB95F662}.Release|Any CPU.Build.0 = Release|Any CPU
		{685C4304-761E-4D89-A669-DE11DB95F662}.Release|iPhone.ActiveCfg = Release|Any CPU
		{685C4304-761E-4D89-A669-DE11DB95F662}.Release|iPhone.Build.0 = Release|Any CPU
		{685C4304-761E-4D89-A669-DE11DB95F662}.Release|iPhoneSimulator.ActiveCfg = Release|Any CPU
		{685C4304-761E-4D89-A669-DE11DB95F662}.Release|iPhoneSimulator.Build.0 = Release|Any CPU
	EndGlobalSection
	GlobalSection(SolutionProperties) = preSolution
		HideSolutionNode = FALSE
	EndGlobalSection
	GlobalSection(ExtensibilityGlobals) = postSolution
		SolutionGuid = {D3DAE19C-9A60-493C-AD33-B75FEBB2AFD0}
	EndGlobalSection
EndGlobal
