
Microsoft Visual Studio Solution File, Format Version 12.00
# Visual Studio 15
VisualStudioVersion = 15.0.27428.2043
MinimumVisualStudioVersion = 10.0.40219.1
Project("{FAE04EC0-301F-11D3-BF4B-00C04F79EFBC}") = "ResearchNFC", "ResearchNFC\ResearchNFC.csproj", "{ED4D3D96-8D62-4537-80AE-E1966EA2DB79}"
EndProject
Global
	GlobalSection(SolutionConfigurationPlatforms) = preSolution
		Debug|Any CPU = Debug|Any CPU
		Release|Any CPU = Release|Any CPU
	EndGlobalSection
	GlobalSection(ProjectConfigurationPlatforms) = postSolution
		{ED4D3D96-8D62-4537-80AE-E1966EA2DB79}.Debug|Any CPU.ActiveCfg = Debug|Any CPU
		{ED4D3D96-8D62-4537-80AE-E1966EA2DB79}.Debug|Any CPU.Build.0 = Debug|Any CPU
		{ED4D3D96-8D62-4537-80AE-E1966EA2DB79}.Debug|Any CPU.Deploy.0 = Debug|Any CPU
		{ED4D3D96-8D62-4537-80AE-E1966EA2DB79}.Release|Any CPU.ActiveCfg = Release|Any CPU
		{ED4D3D96-8D62-4537-80AE-E1966EA2DB79}.Release|Any CPU.Build.0 = Release|Any CPU
		{ED4D3D96-8D62-4537-80AE-E1966EA2DB79}.Release|Any CPU.Deploy.0 = Release|Any CPU
	EndGlobalSection
	GlobalSection(SolutionProperties) = preSolution
		HideSolutionNode = FALSE
	EndGlobalSection
	GlobalSection(ExtensibilityGlobals) = postSolution
		SolutionGuid = {225B3B66-EF39-43E6-B630-07BD3EB2157F}
	EndGlobalSection
EndGlobal
