
Microsoft Visual Studio Solution File, Format Version 12.00
# Visual Studio 2012
Project("{FAE04EC0-301F-11D3-BF4B-00C04F79EFBC}") = "SaveStuff", "SaveStuff\SaveStuff.csproj", "{1EC9B794-7B01-40F7-AE3C-597F1CAC0450}"
EndProject
Project("{FAE04EC0-301F-11D3-BF4B-00C04F79EFBC}") = "SaveStuff.iOS", "iOS\SaveStuff.iOS.csproj", "{8C1A0D69-D50F-4E16-B2F7-030F1981BDAA}"
EndProject
Project("{FAE04EC0-301F-11D3-BF4B-00C04F79EFBC}") = "SaveStuff.Droid", "Droid\SaveStuff.Droid.csproj", "{0DBC643D-C444-45F7-884A-5D9022CF54FF}"
EndProject
Global
	GlobalSection(SolutionConfigurationPlatforms) = preSolution
		Debug|Any CPU = Debug|Any CPU
		Release|Any CPU = Release|Any CPU
		Debug|iPhoneSimulator = Debug|iPhoneSimulator
		Release|iPhone = Release|iPhone
		Release|iPhoneSimulator = Release|iPhoneSimulator
		Debug|iPhone = Debug|iPhone
	EndGlobalSection
	GlobalSection(ProjectConfigurationPlatforms) = postSolution
		{1EC9B794-7B01-40F7-AE3C-597F1CAC0450}.Debug|Any CPU.ActiveCfg = Debug|Any CPU
		{1EC9B794-7B01-40F7-AE3C-597F1CAC0450}.Debug|Any CPU.Build.0 = Debug|Any CPU
		{1EC9B794-7B01-40F7-AE3C-597F1CAC0450}.Release|Any CPU.ActiveCfg = Release|Any CPU
		{1EC9B794-7B01-40F7-AE3C-597F1CAC0450}.Release|Any CPU.Build.0 = Release|Any CPU
		{1EC9B794-7B01-40F7-AE3C-597F1CAC0450}.Debug|iPhoneSimulator.ActiveCfg = Debug|Any CPU
		{1EC9B794-7B01-40F7-AE3C-597F1CAC0450}.Debug|iPhoneSimulator.Build.0 = Debug|Any CPU
		{1EC9B794-7B01-40F7-AE3C-597F1CAC0450}.Release|iPhone.ActiveCfg = Release|Any CPU
		{1EC9B794-7B01-40F7-AE3C-597F1CAC0450}.Release|iPhone.Build.0 = Release|Any CPU
		{1EC9B794-7B01-40F7-AE3C-597F1CAC0450}.Release|iPhoneSimulator.ActiveCfg = Release|Any CPU
		{1EC9B794-7B01-40F7-AE3C-597F1CAC0450}.Release|iPhoneSimulator.Build.0 = Release|Any CPU
		{1EC9B794-7B01-40F7-AE3C-597F1CAC0450}.Debug|iPhone.ActiveCfg = Debug|Any CPU
		{1EC9B794-7B01-40F7-AE3C-597F1CAC0450}.Debug|iPhone.Build.0 = Debug|Any CPU
		{8C1A0D69-D50F-4E16-B2F7-030F1981BDAA}.Debug|Any CPU.ActiveCfg = Debug|iPhoneSimulator
		{8C1A0D69-D50F-4E16-B2F7-030F1981BDAA}.Debug|Any CPU.Build.0 = Debug|iPhoneSimulator
		{8C1A0D69-D50F-4E16-B2F7-030F1981BDAA}.Release|Any CPU.ActiveCfg = Release|iPhone
		{8C1A0D69-D50F-4E16-B2F7-030F1981BDAA}.Release|Any CPU.Build.0 = Release|iPhone
		{8C1A0D69-D50F-4E16-B2F7-030F1981BDAA}.Debug|iPhoneSimulator.ActiveCfg = Debug|iPhoneSimulator
		{8C1A0D69-D50F-4E16-B2F7-030F1981BDAA}.Debug|iPhoneSimulator.Build.0 = Debug|iPhoneSimulator
		{8C1A0D69-D50F-4E16-B2F7-030F1981BDAA}.Release|iPhone.ActiveCfg = Release|iPhone
		{8C1A0D69-D50F-4E16-B2F7-030F1981BDAA}.Release|iPhone.Build.0 = Release|iPhone
		{8C1A0D69-D50F-4E16-B2F7-030F1981BDAA}.Release|iPhoneSimulator.ActiveCfg = Release|iPhoneSimulator
		{8C1A0D69-D50F-4E16-B2F7-030F1981BDAA}.Release|iPhoneSimulator.Build.0 = Release|iPhoneSimulator
		{8C1A0D69-D50F-4E16-B2F7-030F1981BDAA}.Debug|iPhone.ActiveCfg = Debug|iPhone
		{8C1A0D69-D50F-4E16-B2F7-030F1981BDAA}.Debug|iPhone.Build.0 = Debug|iPhone
		{0DBC643D-C444-45F7-884A-5D9022CF54FF}.Debug|Any CPU.ActiveCfg = Debug|Any CPU
		{0DBC643D-C444-45F7-884A-5D9022CF54FF}.Debug|Any CPU.Build.0 = Debug|Any CPU
		{0DBC643D-C444-45F7-884A-5D9022CF54FF}.Release|Any CPU.ActiveCfg = Release|Any CPU
		{0DBC643D-C444-45F7-884A-5D9022CF54FF}.Release|Any CPU.Build.0 = Release|Any CPU
		{0DBC643D-C444-45F7-884A-5D9022CF54FF}.Debug|iPhoneSimulator.ActiveCfg = Debug|Any CPU
		{0DBC643D-C444-45F7-884A-5D9022CF54FF}.Debug|iPhoneSimulator.Build.0 = Debug|Any CPU
		{0DBC643D-C444-45F7-884A-5D9022CF54FF}.Release|iPhone.ActiveCfg = Release|Any CPU
		{0DBC643D-C444-45F7-884A-5D9022CF54FF}.Release|iPhone.Build.0 = Release|Any CPU
		{0DBC643D-C444-45F7-884A-5D9022CF54FF}.Release|iPhoneSimulator.ActiveCfg = Release|Any CPU
		{0DBC643D-C444-45F7-884A-5D9022CF54FF}.Release|iPhoneSimulator.Build.0 = Release|Any CPU
		{0DBC643D-C444-45F7-884A-5D9022CF54FF}.Debug|iPhone.ActiveCfg = Debug|Any CPU
		{0DBC643D-C444-45F7-884A-5D9022CF54FF}.Debug|iPhone.Build.0 = Debug|Any CPU
	EndGlobalSection
EndGlobal
