
Microsoft Visual Studio Solution File, Format Version 12.00
# Visual Studio 2012
Project("{FAE04EC0-301F-11D3-BF4B-00C04F79EFBC}") = "CustomGPS", "CustomGPS\CustomGPS.csproj", "{7C85624C-6BFD-4A96-B970-0CC9D903DD36}"
EndProject
Project("{FAE04EC0-301F-11D3-BF4B-00C04F79EFBC}") = "CustomGPS.iOS", "iOS\CustomGPS.iOS.csproj", "{2FDC57D0-4BB8-4E13-82D1-3BF54286EE89}"
EndProject
Project("{FAE04EC0-301F-11D3-BF4B-00C04F79EFBC}") = "CustomGPS.Droid", "Droid\CustomGPS.Droid.csproj", "{F0351B74-9AB6-4B3F-B2FE-CEEB075FFA2E}"
EndProject
Global
	GlobalSection(SolutionConfigurationPlatforms) = preSolution
		Debug|Any CPU = Debug|Any CPU
		Release|Any CPU = Release|Any CPU
		Debug|iPhoneSimulator = Debug|iPhoneSimulator
		Release|iPhone = Release|iPhone
		Release|iPhoneSimulator = Release|iPhoneSimulator
		Debug|iPhone = Debug|iPhone
	EndGlobalSection
	GlobalSection(ProjectConfigurationPlatforms) = postSolution
		{7C85624C-6BFD-4A96-B970-0CC9D903DD36}.Debug|Any CPU.ActiveCfg = Debug|Any CPU
		{7C85624C-6BFD-4A96-B970-0CC9D903DD36}.Debug|Any CPU.Build.0 = Debug|Any CPU
		{7C85624C-6BFD-4A96-B970-0CC9D903DD36}.Release|Any CPU.ActiveCfg = Release|Any CPU
		{7C85624C-6BFD-4A96-B970-0CC9D903DD36}.Release|Any CPU.Build.0 = Release|Any CPU
		{7C85624C-6BFD-4A96-B970-0CC9D903DD36}.Debug|iPhoneSimulator.ActiveCfg = Debug|Any CPU
		{7C85624C-6BFD-4A96-B970-0CC9D903DD36}.Debug|iPhoneSimulator.Build.0 = Debug|Any CPU
		{7C85624C-6BFD-4A96-B970-0CC9D903DD36}.Release|iPhone.ActiveCfg = Release|Any CPU
		{7C85624C-6BFD-4A96-B970-0CC9D903DD36}.Release|iPhone.Build.0 = Release|Any CPU
		{7C85624C-6BFD-4A96-B970-0CC9D903DD36}.Release|iPhoneSimulator.ActiveCfg = Release|Any CPU
		{7C85624C-6BFD-4A96-B970-0CC9D903DD36}.Release|iPhoneSimulator.Build.0 = Release|Any CPU
		{7C85624C-6BFD-4A96-B970-0CC9D903DD36}.Debug|iPhone.ActiveCfg = Debug|Any CPU
		{7C85624C-6BFD-4A96-B970-0CC9D903DD36}.Debug|iPhone.Build.0 = Debug|Any CPU
		{2FDC57D0-4BB8-4E13-82D1-3BF54286EE89}.Debug|Any CPU.ActiveCfg = Debug|iPhoneSimulator
		{2FDC57D0-4BB8-4E13-82D1-3BF54286EE89}.Debug|Any CPU.Build.0 = Debug|iPhoneSimulator
		{2FDC57D0-4BB8-4E13-82D1-3BF54286EE89}.Release|Any CPU.ActiveCfg = Release|iPhone
		{2FDC57D0-4BB8-4E13-82D1-3BF54286EE89}.Release|Any CPU.Build.0 = Release|iPhone
		{2FDC57D0-4BB8-4E13-82D1-3BF54286EE89}.Debug|iPhoneSimulator.ActiveCfg = Debug|iPhoneSimulator
		{2FDC57D0-4BB8-4E13-82D1-3BF54286EE89}.Debug|iPhoneSimulator.Build.0 = Debug|iPhoneSimulator
		{2FDC57D0-4BB8-4E13-82D1-3BF54286EE89}.Release|iPhone.ActiveCfg = Release|iPhone
		{2FDC57D0-4BB8-4E13-82D1-3BF54286EE89}.Release|iPhone.Build.0 = Release|iPhone
		{2FDC57D0-4BB8-4E13-82D1-3BF54286EE89}.Release|iPhoneSimulator.ActiveCfg = Release|iPhoneSimulator
		{2FDC57D0-4BB8-4E13-82D1-3BF54286EE89}.Release|iPhoneSimulator.Build.0 = Release|iPhoneSimulator
		{2FDC57D0-4BB8-4E13-82D1-3BF54286EE89}.Debug|iPhone.ActiveCfg = Debug|iPhone
		{2FDC57D0-4BB8-4E13-82D1-3BF54286EE89}.Debug|iPhone.Build.0 = Debug|iPhone
		{F0351B74-9AB6-4B3F-B2FE-CEEB075FFA2E}.Debug|Any CPU.ActiveCfg = Debug|Any CPU
		{F0351B74-9AB6-4B3F-B2FE-CEEB075FFA2E}.Debug|Any CPU.Build.0 = Debug|Any CPU
		{F0351B74-9AB6-4B3F-B2FE-CEEB075FFA2E}.Release|Any CPU.ActiveCfg = Release|Any CPU
		{F0351B74-9AB6-4B3F-B2FE-CEEB075FFA2E}.Release|Any CPU.Build.0 = Release|Any CPU
		{F0351B74-9AB6-4B3F-B2FE-CEEB075FFA2E}.Debug|iPhoneSimulator.ActiveCfg = Debug|Any CPU
		{F0351B74-9AB6-4B3F-B2FE-CEEB075FFA2E}.Debug|iPhoneSimulator.Build.0 = Debug|Any CPU
		{F0351B74-9AB6-4B3F-B2FE-CEEB075FFA2E}.Release|iPhone.ActiveCfg = Release|Any CPU
		{F0351B74-9AB6-4B3F-B2FE-CEEB075FFA2E}.Release|iPhone.Build.0 = Release|Any CPU
		{F0351B74-9AB6-4B3F-B2FE-CEEB075FFA2E}.Release|iPhoneSimulator.ActiveCfg = Release|Any CPU
		{F0351B74-9AB6-4B3F-B2FE-CEEB075FFA2E}.Release|iPhoneSimulator.Build.0 = Release|Any CPU
		{F0351B74-9AB6-4B3F-B2FE-CEEB075FFA2E}.Debug|iPhone.ActiveCfg = Debug|Any CPU
		{F0351B74-9AB6-4B3F-B2FE-CEEB075FFA2E}.Debug|iPhone.Build.0 = Debug|Any CPU
	EndGlobalSection
EndGlobal
