
Microsoft Visual Studio Solution File, Format Version 12.00
# Visual Studio 15
VisualStudioVersion = 15.0.27428.2005
MinimumVisualStudioVersion = 10.0.40219.1
Project("{FAE04EC0-301F-11D3-BF4B-00C04F79EFBC}") = "XamarinDot", "XamarinDot\XamarinDot.csproj", "{6A2C8F98-1F5D-4B01-A094-6033FF0A8E1E}"
EndProject
Global
	GlobalSection(SolutionConfigurationPlatforms) = preSolution
		Debug|Any CPU = Debug|Any CPU
		Release|Any CPU = Release|Any CPU
	EndGlobalSection
	GlobalSection(ProjectConfigurationPlatforms) = postSolution
		{6A2C8F98-1F5D-4B01-A094-6033FF0A8E1E}.Debug|Any CPU.ActiveCfg = Debug|Any CPU
		{6A2C8F98-1F5D-4B01-A094-6033FF0A8E1E}.Debug|Any CPU.Build.0 = Debug|Any CPU
		{6A2C8F98-1F5D-4B01-A094-6033FF0A8E1E}.Debug|Any CPU.Deploy.0 = Debug|Any CPU
		{6A2C8F98-1F5D-4B01-A094-6033FF0A8E1E}.Release|Any CPU.ActiveCfg = Release|Any CPU
		{6A2C8F98-1F5D-4B01-A094-6033FF0A8E1E}.Release|Any CPU.Build.0 = Release|Any CPU
		{6A2C8F98-1F5D-4B01-A094-6033FF0A8E1E}.Release|Any CPU.Deploy.0 = Release|Any CPU
	EndGlobalSection
	GlobalSection(SolutionProperties) = preSolution
		HideSolutionNode = FALSE
	EndGlobalSection
	GlobalSection(ExtensibilityGlobals) = postSolution
		SolutionGuid = {259367DB-7A53-4801-882E-9A74D3D61F6C}
	EndGlobalSection
EndGlobal
