
Microsoft Visual Studio Solution File, Format Version 12.00
# Visual Studio 15
VisualStudioVersion = 15.0.27130.2036
MinimumVisualStudioVersion = 10.0.40219.1
Project("{FAE04EC0-301F-11D3-BF4B-00C04F79EFBC}") = "NFCReadWriteToggle", "NFCReadWriteToggle\NFCReadWriteToggle.csproj", "{7B9CFD8B-67C7-42BE-828C-A180124B4292}"
EndProject
Global
	GlobalSection(SolutionConfigurationPlatforms) = preSolution
		Debug|Any CPU = Debug|Any CPU
		Release|Any CPU = Release|Any CPU
	EndGlobalSection
	GlobalSection(ProjectConfigurationPlatforms) = postSolution
		{7B9CFD8B-67C7-42BE-828C-A180124B4292}.Debug|Any CPU.ActiveCfg = Debug|Any CPU
		{7B9CFD8B-67C7-42BE-828C-A180124B4292}.Debug|Any CPU.Build.0 = Debug|Any CPU
		{7B9CFD8B-67C7-42BE-828C-A180124B4292}.Debug|Any CPU.Deploy.0 = Debug|Any CPU
		{7B9CFD8B-67C7-42BE-828C-A180124B4292}.Release|Any CPU.ActiveCfg = Release|Any CPU
		{7B9CFD8B-67C7-42BE-828C-A180124B4292}.Release|Any CPU.Build.0 = Release|Any CPU
		{7B9CFD8B-67C7-42BE-828C-A180124B4292}.Release|Any CPU.Deploy.0 = Release|Any CPU
	EndGlobalSection
	GlobalSection(SolutionProperties) = preSolution
		HideSolutionNode = FALSE
	EndGlobalSection
	GlobalSection(ExtensibilityGlobals) = postSolution
		SolutionGuid = {1AFB5C33-78E1-46C4-A961-D85D55E1CB44}
	EndGlobalSection
EndGlobal
