Microsoft Visual Studio Solution File, Format Version 12.00
# Visual Studio 15
VisualStudioVersion = 15.0.27428.2043
MinimumVisualStudioVersion = 10.0.40219.1
Project("{FAE04EC0-301F-11D3-BF4B-00C04F79EFBC}") = "NFCProject", "NFCProject\NFCProject.csproj", "{57CCBAF9-E300-4105-BF8C-61F645C11FB6}"
EndProject
Project("{FAE04EC0-301F-11D3-BF4B-00C04F79EFBC}") = "NFCProject.iOS", "iOS\NFCProject.iOS.csproj", "{2487D2FF-173F-400F-8ADF-F411A5D6C98F}"
EndProject
Project("{FAE04EC0-301F-11D3-BF4B-00C04F79EFBC}") = "NFCProject.Droid", "Droid\NFCProject.Droid.csproj", "{9F1D9B39-258B-420E-B680-C60B8E9488A4}"
EndProject
Global
	GlobalSection(SolutionConfigurationPlatforms) = preSolution
		Debug|Any CPU = Debug|Any CPU
		Debug|iPhone = Debug|iPhone
		Debug|iPhoneSimulator = Debug|iPhoneSimulator
		Release|Any CPU = Release|Any CPU
		Release|iPhone = Release|iPhone
		Release|iPhoneSimulator = Release|iPhoneSimulator
	EndGlobalSection
	GlobalSection(ProjectConfigurationPlatforms) = postSolution
		{57CCBAF9-E300-4105-BF8C-61F645C11FB6}.Debug|Any CPU.ActiveCfg = Debug|Any CPU
		{57CCBAF9-E300-4105-BF8C-61F645C11FB6}.Debug|Any CPU.Build.0 = Debug|Any CPU
		{57CCBAF9-E300-4105-BF8C-61F645C11FB6}.Debug|iPhone.ActiveCfg = Debug|Any CPU
		{57CCBAF9-E300-4105-BF8C-61F645C11FB6}.Debug|iPhone.Build.0 = Debug|Any CPU
		{57CCBAF9-E300-4105-BF8C-61F645C11FB6}.Debug|iPhoneSimulator.ActiveCfg = Debug|Any CPU
		{57CCBAF9-E300-4105-BF8C-61F645C11FB6}.Debug|iPhoneSimulator.Build.0 = Debug|Any CPU
		{57CCBAF9-E300-4105-BF8C-61F645C11FB6}.Release|Any CPU.ActiveCfg = Release|Any CPU
		{57CCBAF9-E300-4105-BF8C-61F645C11FB6}.Release|Any CPU.Build.0 = Release|Any CPU
		{57CCBAF9-E300-4105-BF8C-61F645C11FB6}.Release|iPhone.ActiveCfg = Release|Any CPU
		{57CCBAF9-E300-4105-BF8C-61F645C11FB6}.Release|iPhone.Build.0 = Release|Any CPU
		{57CCBAF9-E300-4105-BF8C-61F645C11FB6}.Release|iPhoneSimulator.ActiveCfg = Release|Any CPU
		{57CCBAF9-E300-4105-BF8C-61F645C11FB6}.Release|iPhoneSimulator.Build.0 = Release|Any CPU
		{2487D2FF-173F-400F-8ADF-F411A5D6C98F}.Debug|Any CPU.ActiveCfg = Debug|iPhoneSimulator
		{2487D2FF-173F-400F-8ADF-F411A5D6C98F}.Debug|Any CPU.Build.0 = Debug|iPhoneSimulator
		{2487D2FF-173F-400F-8ADF-F411A5D6C98F}.Debug|iPhone.ActiveCfg = Debug|iPhone
		{2487D2FF-173F-400F-8ADF-F411A5D6C98F}.Debug|iPhone.Build.0 = Debug|iPhone
		{2487D2FF-173F-400F-8ADF-F411A5D6C98F}.Debug|iPhoneSimulator.ActiveCfg = Debug|iPhoneSimulator
		{2487D2FF-173F-400F-8ADF-F411A5D6C98F}.Debug|iPhoneSimulator.Build.0 = Debug|iPhoneSimulator
		{2487D2FF-173F-400F-8ADF-F411A5D6C98F}.Release|Any CPU.ActiveCfg = Release|iPhone
		{2487D2FF-173F-400F-8ADF-F411A5D6C98F}.Release|Any CPU.Build.0 = Release|iPhone
		{2487D2FF-173F-400F-8ADF-F411A5D6C98F}.Release|iPhone.ActiveCfg = Release|iPhone
		{2487D2FF-173F-400F-8ADF-F411A5D6C98F}.Release|iPhone.Build.0 = Release|iPhone
		{2487D2FF-173F-400F-8ADF-F411A5D6C98F}.Release|iPhoneSimulator.ActiveCfg = Release|iPhoneSimulator
		{2487D2FF-173F-400F-8ADF-F411A5D6C98F}.Release|iPhoneSimulator.Build.0 = Release|iPhoneSimulator
		{9F1D9B39-258B-420E-B680-C60B8E9488A4}.Debug|Any CPU.ActiveCfg = Debug|Any CPU
		{9F1D9B39-258B-420E-B680-C60B8E9488A4}.Debug|Any CPU.Build.0 = Debug|Any CPU
		{9F1D9B39-258B-420E-B680-C60B8E9488A4}.Debug|Any CPU.Deploy.0 = Debug|Any CPU
		{9F1D9B39-258B-420E-B680-C60B8E9488A4}.Debug|iPhone.ActiveCfg = Debug|Any CPU
		{9F1D9B39-258B-420E-B680-C60B8E9488A4}.Debug|iPhone.Build.0 = Debug|Any CPU
		{9F1D9B39-258B-420E-B680-C60B8E9488A4}.Debug|iPhoneSimulator.ActiveCfg = Debug|Any CPU
		{9F1D9B39-258B-420E-B680-C60B8E9488A4}.Debug|iPhoneSimulator.Build.0 = Debug|Any CPU
		{9F1D9B39-258B-420E-B680-C60B8E9488A4}.Release|Any CPU.ActiveCfg = Release|Any CPU
		{9F1D9B39-258B-420E-B680-C60B8E9488A4}.Release|Any CPU.Build.0 = Release|Any CPU
		{9F1D9B39-258B-420E-B680-C60B8E9488A4}.Release|iPhone.ActiveCfg = Release|Any CPU
		{9F1D9B39-258B-420E-B680-C60B8E9488A4}.Release|iPhone.Build.0 = Release|Any CPU
		{9F1D9B39-258B-420E-B680-C60B8E9488A4}.Release|iPhoneSimulator.ActiveCfg = Release|Any CPU
		{9F1D9B39-258B-420E-B680-C60B8E9488A4}.Release|iPhoneSimulator.Build.0 = Release|Any CPU
	EndGlobalSection
	GlobalSection(SolutionProperties) = preSolution
		HideSolutionNode = FALSE
	EndGlobalSection
	GlobalSection(ExtensibilityGlobals) = postSolution
		SolutionGuid = {BEF68C29-D5A2-4A67-A140-49A003AA1C78}
	EndGlobalSection
EndGlobal
